
Microsoft Visual Studio Solution File, Format Version 12.00
# Visual Studio Version 17
VisualStudioVersion = 17.9.34622.214
MinimumVisualStudioVersion = 10.0.40219.1
Project("{FAE04EC0-301F-11D3-BF4B-00C04F79EFBC}") = "ConsoleApp1_12_03_24", "ConsoleApp1_12_03_24\ConsoleApp1_12_03_24.csproj", "{190CEB7D-701B-416F-B712-2CD8918843DC}"
EndProject
Global
	GlobalSection(SolutionConfigurationPlatforms) = preSolution
		Debug|Any CPU = Debug|Any CPU
		Release|Any CPU = Release|Any CPU
	EndGlobalSection
	GlobalSection(ProjectConfigurationPlatforms) = postSolution
		{190CEB7D-701B-416F-B712-2CD8918843DC}.Debug|Any CPU.ActiveCfg = Debug|Any CPU
		{190CEB7D-701B-416F-B712-2CD8918843DC}.Debug|Any CPU.Build.0 = Debug|Any CPU
		{190CEB7D-701B-416F-B712-2CD8918843DC}.Release|Any CPU.ActiveCfg = Release|Any CPU
		{190CEB7D-701B-416F-B712-2CD8918843DC}.Release|Any CPU.Build.0 = Release|Any CPU
	EndGlobalSection
	GlobalSection(SolutionProperties) = preSolution
		HideSolutionNode = FALSE
	EndGlobalSection
	GlobalSection(ExtensibilityGlobals) = postSolution
		SolutionGuid = {22248358-72DE-48A9-BF63-CDAA674D7686}
	EndGlobalSection
EndGlobal
